// !$*UTF8*$!
{
	archiveVersion = 1;
	classes = {
	};
	objectVersion = 56;
	objects = {

/* Begin PBXBuildFile section */
		0C3A1A0C299E24E80064EE08 /* AppDelegate.swift in Sources */ = {isa = PBXBuildFile; fileRef = 0C3A1A0B299E24E80064EE08 /* AppDelegate.swift */; };
		0C3A1A10299E24EA0064EE08 /* Assets.xcassets in Resources */ = {isa = PBXBuildFile; fileRef = 0C3A1A0F299E24EA0064EE08 /* Assets.xcassets */; };
		0C3A1A13299E24EA0064EE08 /* Main.storyboard in Resources */ = {isa = PBXBuildFile; fileRef = 0C3A1A11299E24EA0064EE08 /* Main.storyboard */; };
		0CA37EB0299F4DEA0074D558 /* AddStockViewController.swift in Sources */ = {isa = PBXBuildFile; fileRef = 0CA37EAF299F4DEA0074D558 /* AddStockViewController.swift */; };
		0CB32FFD29C0558100DBD5AE /* StockCodesModel.swift in Sources */ = {isa = PBXBuildFile; fileRef = 0CB32FFC29C0558100DBD5AE /* StockCodesModel.swift */; };
		B6039DA5F6576CCF21307777 /* Pods_StockMenuTools.framework in Frameworks */ = {isa = PBXBuildFile; fileRef = 370289A0A67E77D2BEB3F2D8 /* Pods_StockMenuTools.framework */; };
/* End PBXBuildFile section */

/* Begin PBXFileReference section */
		0C3A1A08299E24E80064EE08 /* StockMenuTools.app */ = {isa = PBXFileReference; explicitFileType = wrapper.application; includeInIndex = 0; path = StockMenuTools.app; sourceTree = BUILT_PRODUCTS_DIR; };
		0C3A1A0B299E24E80064EE08 /* AppDelegate.swift */ = {isa = PBXFileReference; lastKnownFileType = sourcecode.swift; path = AppDelegate.swift; sourceTree = "<group>"; };
		0C3A1A0F299E24EA0064EE08 /* Assets.xcassets */ = {isa = PBXFileReference; lastKnownFileType = folder.assetcatalog; path = Assets.xcassets; sourceTree = "<group>"; };
		0C3A1A12299E24EA0064EE08 /* Base */ = {isa = PBXFileReference; lastKnownFileType = file.storyboard; name = Base; path = Base.lproj/Main.storyboard; sourceTree = "<group>"; };
		0C3A1A14299E24EA0064EE08 /* StockMenuTools.entitlements */ = {isa = PBXFileReference; lastKnownFileType = text.plist.entitlements; path = StockMenuTools.entitlements; sourceTree = "<group>"; };
		0CA37EAF299F4DEA0074D558 /* AddStockViewController.swift */ = {isa = PBXFileReference; lastKnownFileType = sourcecode.swift; path = AddStockViewController.swift; sourceTree = "<group>"; };
		0CB32FFC29C0558100DBD5AE /* StockCodesModel.swift */ = {isa = PBXFileReference; lastKnownFileType = sourcecode.swift; path = StockCodesModel.swift; sourceTree = "<group>"; };
		370289A0A67E77D2BEB3F2D8 /* Pods_StockMenuTools.framework */ = {isa = PBXFileReference; explicitFileType = wrapper.framework; includeInIndex = 0; path = Pods_StockMenuTools.framework; sourceTree = BUILT_PRODUCTS_DIR; };
		3AC02F5EE9D50C6E51F79CA5 /* Pods-StockMenuTools.debug.xcconfig */ = {isa = PBXFileReference; includeInIndex = 1; lastKnownFileType = text.xcconfig; name = "Pods-StockMenuTools.debug.xcconfig"; path = "Target Support Files/Pods-StockMenuTools/Pods-StockMenuTools.debug.xcconfig"; sourceTree = "<group>"; };
		799A867FBF27727A89F97D28 /* Pods-StockMenuTools.release.xcconfig */ = {isa = PBXFileReference; includeInIndex = 1; lastKnownFileType = text.xcconfig; name = "Pods-StockMenuTools.release.xcconfig"; path = "Target Support Files/Pods-StockMenuTools/Pods-StockMenuTools.release.xcconfig"; sourceTree = "<group>"; };
/* End PBXFileReference section */

/* Begin PBXFrameworksBuildPhase section */
		0C3A1A05299E24E80064EE08 /* Frameworks */ = {
			isa = PBXFrameworksBuildPhase;
			buildActionMask = 2147483647;
			files = (
				B6039DA5F6576CCF21307777 /* Pods_StockMenuTools.framework in Frameworks */,
			);
			runOnlyForDeploymentPostprocessing = 0;
		};
/* End PBXFrameworksBuildPhase section */

/* Begin PBXGroup section */
		0C3A19FF299E24E80064EE08 = {
			isa = PBXGroup;
			children = (
				0C3A1A0A299E24E80064EE08 /* StockMenuTools */,
				0C3A1A09299E24E80064EE08 /* Products */,
				C2CC569992C0EB293DA1903C /* Pods */,
				D735BA23DD6B990E8E735913 /* Frameworks */,
			);
			sourceTree = "<group>";
		};
		0C3A1A09299E24E80064EE08 /* Products */ = {
			isa = PBXGroup;
			children = (
				0C3A1A08299E24E80064EE08 /* StockMenuTools.app */,
			);
			name = Products;
			sourceTree = "<group>";
		};
		0C3A1A0A299E24E80064EE08 /* StockMenuTools */ = {
			isa = PBXGroup;
			children = (
				0CB3300429C0661200DBD5AE /* Resource */,
				0CB3300329C0660900DBD5AE /* View */,
				0CB3300229C065ED00DBD5AE /* Model */,
				0CB3300129C065D600DBD5AE /* Controller */,
				0C3A1A0B299E24E80064EE08 /* AppDelegate.swift */,
				0C3A1A14299E24EA0064EE08 /* StockMenuTools.entitlements */,
			);
			path = StockMenuTools;
			sourceTree = "<group>";
		};
		0CB3300129C065D600DBD5AE /* Controller */ = {
			isa = PBXGroup;
			children = (
				0CA37EAF299F4DEA0074D558 /* AddStockViewController.swift */,
			);
			path = Controller;
			sourceTree = "<group>";
		};
		0CB3300229C065ED00DBD5AE /* Model */ = {
			isa = PBXGroup;
			children = (
				0CB32FFC29C0558100DBD5AE /* StockCodesModel.swift */,
			);
			path = Model;
			sourceTree = "<group>";
		};
		0CB3300329C0660900DBD5AE /* View */ = {
			isa = PBXGroup;
			children = (
				0C3A1A11299E24EA0064EE08 /* Main.storyboard */,
			);
			path = View;
			sourceTree = "<group>";
		};
		0CB3300429C0661200DBD5AE /* Resource */ = {
			isa = PBXGroup;
			children = (
				0C3A1A0F299E24EA0064EE08 /* Assets.xcassets */,
			);
			path = Resource;
			sourceTree = "<group>";
		};
		C2CC569992C0EB293DA1903C /* Pods */ = {
			isa = PBXGroup;
			children = (
				3AC02F5EE9D50C6E51F79CA5 /* Pods-StockMenuTools.debug.xcconfig */,
				799A867FBF27727A89F97D28 /* Pods-StockMenuTools.release.xcconfig */,
			);
			path = Pods;
			sourceTree = "<group>";
		};
		D735BA23DD6B990E8E735913 /* Frameworks */ = {
			isa = PBXGroup;
			children = (
				370289A0A67E77D2BEB3F2D8 /* Pods_StockMenuTools.framework */,
			);
			name = Frameworks;
			sourceTree = "<group>";
		};
/* End PBXGroup section */

/* Begin PBXNativeTarget section */
		0C3A1A07299E24E80064EE08 /* StockMenuTools */ = {
			isa = PBXNativeTarget;
			buildConfigurationList = 0C3A1A17299E24EA0064EE08 /* Build configuration list for PBXNativeTarget "StockMenuTools" */;
			buildPhases = (
				DB2CB0C79F107BB3EC2AC682 /* [CP] Check Pods Manifest.lock */,
				0C3A1A04299E24E80064EE08 /* Sources */,
				0C3A1A05299E24E80064EE08 /* Frameworks */,
				0C3A1A06299E24E80064EE08 /* Resources */,
				4495B7F1CF17540643D9456C /* [CP] Embed Pods Frameworks */,
			);
			buildRules = (
			);
			dependencies = (
			);
			name = StockMenuTools;
			productName = StockMenuTools;
			productReference = 0C3A1A08299E24E80064EE08 /* StockMenuTools.app */;
			productType = "com.apple.product-type.application";
		};
/* End PBXNativeTarget section */

/* Begin PBXProject section */
		0C3A1A00299E24E80064EE08 /* Project object */ = {
			isa = PBXProject;
			attributes = {
				BuildIndependentTargetsInParallel = 1;
				LastSwiftUpdateCheck = 1400;
				LastUpgradeCheck = 1420;
				TargetAttributes = {
					0C3A1A07299E24E80064EE08 = {
						CreatedOnToolsVersion = 14.0;
					};
				};
			};
			buildConfigurationList = 0C3A1A03299E24E80064EE08 /* Build configuration list for PBXProject "StockMenuTools" */;
			compatibilityVersion = "Xcode 14.0";
			developmentRegion = en;
			hasScannedForEncodings = 0;
			knownRegions = (
				en,
				Base,
			);
			mainGroup = 0C3A19FF299E24E80064EE08;
			productRefGroup = 0C3A1A09299E24E80064EE08 /* Products */;
			projectDirPath = "";
			projectRoot = "";
			targets = (
				0C3A1A07299E24E80064EE08 /* StockMenuTools */,
			);
		};
/* End PBXProject section */

/* Begin PBXResourcesBuildPhase section */
		0C3A1A06299E24E80064EE08 /* Resources */ = {
			isa = PBXResourcesBuildPhase;
			buildActionMask = 2147483647;
			files = (
				0C3A1A10299E24EA0064EE08 /* Assets.xcassets in Resources */,
				0C3A1A13299E24EA0064EE08 /* Main.storyboard in Resources */,
			);
			runOnlyForDeploymentPostprocessing = 0;
		};
/* End PBXResourcesBuildPhase section */

/* Begin PBXShellScriptBuildPhase section */
		4495B7F1CF17540643D9456C /* [CP] Embed Pods Frameworks */ = {
			isa = PBXShellScriptBuildPhase;
			buildActionMask = 2147483647;
			files = (
			);
			inputFileListPaths = (
				"${PODS_ROOT}/Target Support Files/Pods-StockMenuTools/Pods-StockMenuTools-frameworks-${CONFIGURATION}-input-files.xcfilelist",
			);
			name = "[CP] Embed Pods Frameworks";
			outputFileListPaths = (
				"${PODS_ROOT}/Target Support Files/Pods-StockMenuTools/Pods-StockMenuTools-frameworks-${CONFIGURATION}-output-files.xcfilelist",
			);
			runOnlyForDeploymentPostprocessing = 0;
			shellPath = /bin/sh;
			shellScript = "\"${PODS_ROOT}/Target Support Files/Pods-StockMenuTools/Pods-StockMenuTools-frameworks.sh\"\n";
			showEnvVarsInLog = 0;
		};
		DB2CB0C79F107BB3EC2AC682 /* [CP] Check Pods Manifest.lock */ = {
			isa = PBXShellScriptBuildPhase;
			buildActionMask = 2147483647;
			files = (
			);
			inputFileListPaths = (
			);
			inputPaths = (
				"${PODS_PODFILE_DIR_PATH}/Podfile.lock",
				"${PODS_ROOT}/Manifest.lock",
			);
			name = "[CP] Check Pods Manifest.lock";
			outputFileListPaths = (
			);
			outputPaths = (
				"$(DERIVED_FILE_DIR)/Pods-StockMenuTools-checkManifestLockResult.txt",
			);
			runOnlyForDeploymentPostprocessing = 0;
			shellPath = /bin/sh;
			shellScript = "diff \"${PODS_PODFILE_DIR_PATH}/Podfile.lock\" \"${PODS_ROOT}/Manifest.lock\" > /dev/null\nif [ $? != 0 ] ; then\n    # print error to STDERR\n    echo \"error: The sandbox is not in sync with the Podfile.lock. Run 'pod install' or update your CocoaPods installation.\" >&2\n    exit 1\nfi\n# This output is used by Xcode 'outputs' to avoid re-running this script phase.\necho \"SUCCESS\" > \"${SCRIPT_OUTPUT_FILE_0}\"\n";
			showEnvVarsInLog = 0;
		};
/* End PBXShellScriptBuildPhase section */

/* Begin PBXSourcesBuildPhase section */
		0C3A1A04299E24E80064EE08 /* Sources */ = {
			isa = PBXSourcesBuildPhase;
			buildActionMask = 2147483647;
			files = (
				0C3A1A0C299E24E80064EE08 /* AppDelegate.swift in Sources */,
				0CB32FFD29C0558100DBD5AE /* StockCodesModel.swift in Sources */,
				0CA37EB0299F4DEA0074D558 /* AddStockViewController.swift in Sources */,
			);
			runOnlyForDeploymentPostprocessing = 0;
		};
/* End PBXSourcesBuildPhase section */

/* Begin PBXVariantGroup section */
		0C3A1A11299E24EA0064EE08 /* Main.storyboard */ = {
			isa = PBXVariantGroup;
			children = (
				0C3A1A12299E24EA0064EE08 /* Base */,
			);
			name = Main.storyboard;
			sourceTree = "<group>";
		};
/* End PBXVariantGroup section */

/* Begin XCBuildConfiguration section */
		0C3A1A15299E24EA0064EE08 /* Debug */ = {
			isa = XCBuildConfiguration;
			buildSettings = {
				ALWAYS_SEARCH_USER_PATHS = NO;
				CLANG_ANALYZER_NONNULL = YES;
				CLANG_ANALYZER_NUMBER_OBJECT_CONVERSION = YES_AGGRESSIVE;
				CLANG_CXX_LANGUAGE_STANDARD = "gnu++17";
				CLANG_ENABLE_MODULES = YES;
				CLANG_ENABLE_OBJC_ARC = YES;
				CLANG_ENABLE_OBJC_WEAK = YES;
				CLANG_WARN_BLOCK_CAPTURE_AUTORELEASING = YES;
				CLANG_WARN_BOOL_CONVERSION = YES;
				CLANG_WARN_COMMA = YES;
				CLANG_WARN_CONSTANT_CONVERSION = YES;
				CLANG_WARN_DEPRECATED_OBJC_IMPLEMENTATIONS = YES;
				CLANG_WARN_DIRECT_OBJC_ISA_USAGE = YES_ERROR;
				CLANG_WARN_DOCUMENTATION_COMMENTS = YES;
				CLANG_WARN_EMPTY_BODY = YES;
				CLANG_WARN_ENUM_CONVERSION = YES;
				CLANG_WARN_INFINITE_RECURSION = YES;
				CLANG_WARN_INT_CONVERSION = YES;
				CLANG_WARN_NON_LITERAL_NULL_CONVERSION = YES;
				CLANG_WARN_OBJC_IMPLICIT_RETAIN_SELF = YES;
				CLANG_WARN_OBJC_LITERAL_CONVERSION = YES;
				CLANG_WARN_OBJC_ROOT_CLASS = YES_ERROR;
				CLANG_WARN_QUOTED_INCLUDE_IN_FRAMEWORK_HEADER = YES;
				CLANG_WARN_RANGE_LOOP_ANALYSIS = YES;
				CLANG_WARN_STRICT_PROTOTYPES = YES;
				CLANG_WARN_SUSPICIOUS_MOVE = YES;
				CLANG_WARN_UNGUARDED_AVAILABILITY = YES_AGGRESSIVE;
				CLANG_WARN_UNREACHABLE_CODE = YES;
				CLANG_WARN__DUPLICATE_METHOD_MATCH = YES;
				COPY_PHASE_STRIP = NO;
				DEAD_CODE_STRIPPING = YES;
				DEBUG_INFORMATION_FORMAT = dwarf;
				ENABLE_STRICT_OBJC_MSGSEND = YES;
				ENABLE_TESTABILITY = YES;
				GCC_C_LANGUAGE_STANDARD = gnu11;
				GCC_DYNAMIC_NO_PIC = NO;
				GCC_NO_COMMON_BLOCKS = YES;
				GCC_OPTIMIZATION_LEVEL = 0;
				GCC_PREPROCESSOR_DEFINITIONS = (
					"DEBUG=1",
					"$(inherited)",
				);
				GCC_WARN_64_TO_32_BIT_CONVERSION = YES;
				GCC_WARN_ABOUT_RETURN_TYPE = YES_ERROR;
				GCC_WARN_UNDECLARED_SELECTOR = YES;
				GCC_WARN_UNINITIALIZED_AUTOS = YES_AGGRESSIVE;
				GCC_WARN_UNUSED_FUNCTION = YES;
				GCC_WARN_UNUSED_VARIABLE = YES;
				MACOSX_DEPLOYMENT_TARGET = 13.0;
				MTL_ENABLE_DEBUG_INFO = INCLUDE_SOURCE;
				MTL_FAST_MATH = YES;
				ONLY_ACTIVE_ARCH = YES;
				SDKROOT = macosx;
				SWIFT_ACTIVE_COMPILATION_CONDITIONS = DEBUG;
				SWIFT_OPTIMIZATION_LEVEL = "-Onone";
			};
			name = Debug;
		};
		0C3A1A16299E24EA0064EE08 /* Release */ = {
			isa = XCBuildConfiguration;
			buildSettings = {
				ALWAYS_SEARCH_USER_PATHS = NO;
				CLANG_ANALYZER_NONNULL = YES;
				CLANG_ANALYZER_NUMBER_OBJECT_CONVERSION = YES_AGGRESSIVE;
				CLANG_CXX_LANGUAGE_STANDARD = "gnu++17";
				CLANG_ENABLE_MODULES = YES;
				CLANG_ENABLE_OBJC_ARC = YES;
				CLANG_ENABLE_OBJC_WEAK = YES;
				CLANG_WARN_BLOCK_CAPTURE_AUTORELEASING = YES;
				CLANG_WARN_BOOL_CONVERSION = YES;
				CLANG_WARN_COMMA = YES;
				CLANG_WARN_CONSTANT_CONVERSION = YES;
				CLANG_WARN_DEPRECATED_OBJC_IMPLEMENTATIONS = YES;
				CLANG_WARN_DIRECT_OBJC_ISA_USAGE = YES_ERROR;
				CLANG_WARN_DOCUMENTATION_COMMENTS = YES;
				CLANG_WARN_EMPTY_BODY = YES;
				CLANG_WARN_ENUM_CONVERSION = YES;
				CLANG_WARN_INFINITE_RECURSION = YES;
				CLANG_WARN_INT_CONVERSION = YES;
				CLANG_WARN_NON_LITERAL_NULL_CONVERSION = YES;
				CLANG_WARN_OBJC_IMPLICIT_RETAIN_SELF = YES;
				CLANG_WARN_OBJC_LITERAL_CONVERSION = YES;
				CLANG_WARN_OBJC_ROOT_CLASS = YES_ERROR;
				CLANG_WARN_QUOTED_INCLUDE_IN_FRAMEWORK_HEADER = YES;
				CLANG_WARN_RANGE_LOOP_ANALYSIS = YES;
				CLANG_WARN_STRICT_PROTOTYPES = YES;
				CLANG_WARN_SUSPICIOUS_MOVE = YES;
				CLANG_WARN_UNGUARDED_AVAILABILITY = YES_AGGRESSIVE;
				CLANG_WARN_UNREACHABLE_CODE = YES;
				CLANG_WARN__DUPLICATE_METHOD_MATCH = YES;
				COPY_PHASE_STRIP = NO;
				DEAD_CODE_STRIPPING = YES;
				DEBUG_INFORMATION_FORMAT = "dwarf-with-dsym";
				ENABLE_NS_ASSERTIONS = NO;
				ENABLE_STRICT_OBJC_MSGSEND = YES;
				GCC_C_LANGUAGE_STANDARD = gnu11;
				GCC_NO_COMMON_BLOCKS = YES;
				GCC_WARN_64_TO_32_BIT_CONVERSION = YES;
				GCC_WARN_ABOUT_RETURN_TYPE = YES_ERROR;
				GCC_WARN_UNDECLARED_SELECTOR = YES;
				GCC_WARN_UNINITIALIZED_AUTOS = YES_AGGRESSIVE;
				GCC_WARN_UNUSED_FUNCTION = YES;
				GCC_WARN_UNUSED_VARIABLE = YES;
				MACOSX_DEPLOYMENT_TARGET = 13.0;
				MTL_ENABLE_DEBUG_INFO = NO;
				MTL_FAST_MATH = YES;
				SDKROOT = macosx;
				SWIFT_COMPILATION_MODE = wholemodule;
				SWIFT_OPTIMIZATION_LEVEL = "-O";
			};
			name = Release;
		};
		0C3A1A18299E24EA0064EE08 /* Debug */ = {
			isa = XCBuildConfiguration;
			baseConfigurationReference = 3AC02F5EE9D50C6E51F79CA5 /* Pods-StockMenuTools.debug.xcconfig */;
			buildSettings = {
				ASSETCATALOG_COMPILER_APPICON_NAME = AppIcon;
				ASSETCATALOG_COMPILER_GLOBAL_ACCENT_COLOR_NAME = AccentColor;
				CODE_SIGN_ENTITLEMENTS = StockMenuTools/StockMenuTools.entitlements;
				CODE_SIGN_IDENTITY = "-";
				CODE_SIGN_STYLE = Automatic;
				COMBINE_HIDPI_IMAGES = YES;
				CURRENT_PROJECT_VERSION = 1;
				DEAD_CODE_STRIPPING = YES;
				GENERATE_INFOPLIST_FILE = YES;
				INFOPLIST_KEY_NSHumanReadableCopyright = "";
				INFOPLIST_KEY_NSMainStoryboardFile = Main;
				INFOPLIST_KEY_NSPrincipalClass = NSApplication;
				LD_RUNPATH_SEARCH_PATHS = (
					"$(inherited)",
					"@executable_path/../Frameworks",
				);
				MARKETING_VERSION = 1.0;
				PRODUCT_BUNDLE_IDENTIFIER = com.tecyang.StockMenuTools;
				PRODUCT_NAME = "$(TARGET_NAME)";
				SWIFT_EMIT_LOC_STRINGS = YES;
				SWIFT_VERSION = 5.0;
			};
			name = Debug;
		};
		0C3A1A19299E24EA0064EE08 /* Release */ = {
			isa = XCBuildConfiguration;
			baseConfigurationReference = 799A867FBF27727A89F97D28 /* Pods-StockMenuTools.release.xcconfig */;
			buildSettings = {
				ASSETCATALOG_COMPILER_APPICON_NAME = AppIcon;
				ASSETCATALOG_COMPILER_GLOBAL_ACCENT_COLOR_NAME = AccentColor;
				CODE_SIGN_ENTITLEMENTS = StockMenuTools/StockMenuTools.entitlements;
				CODE_SIGN_IDENTITY = "-";
				CODE_SIGN_STYLE = Automatic;
				COMBINE_HIDPI_IMAGES = YES;
				CURRENT_PROJECT_VERSION = 1;
				DEAD_CODE_STRIPPING = YES;
				GENERATE_INFOPLIST_FILE = YES;
				INFOPLIST_KEY_NSHumanReadableCopyright = "";
				INFOPLIST_KEY_NSMainStoryboardFile = Main;
				INFOPLIST_KEY_NSPrincipalClass = NSApplication;
				LD_RUNPATH_SEARCH_PATHS = (
					"$(inherited)",
					"@executable_path/../Frameworks",
				);
				MARKETING_VERSION = 1.0;
				PRODUCT_BUNDLE_IDENTIFIER = com.tecyang.StockMenuTools;
				PRODUCT_NAME = "$(TARGET_NAME)";
				SWIFT_EMIT_LOC_STRINGS = YES;
				SWIFT_VERSION = 5.0;
			};
			name = Release;
		};
/* End XCBuildConfiguration section */

/* Begin XCConfigurationList section */
		0C3A1A03299E24E80064EE08 /* Build configuration list for PBXProject "StockMenuTools" */ = {
			isa = XCConfigurationList;
			buildConfigurations = (
				0C3A1A15299E24EA0064EE08 /* Debug */,
				0C3A1A16299E24EA0064EE08 /* Release */,
			);
			defaultConfigurationIsVisible = 0;
			defaultConfigurationName = Release;
		};
		0C3A1A17299E24EA0064EE08 /* Build configuration list for PBXNativeTarget "StockMenuTools" */ = {
			isa = XCConfigurationList;
			buildConfigurations = (
				0C3A1A18299E24EA0064EE08 /* Debug */,
				0C3A1A19299E24EA0064EE08 /* Release */,
			);
			defaultConfigurationIsVisible = 0;
			defaultConfigurationName = Release;
		};
/* End XCConfigurationList section */
	};
	rootObject = 0C3A1A00299E24E80064EE08 /* Project object */;
}
